
Microsoft Visual Studio Solution File, Format Version 12.00
# Visual Studio Version 16
VisualStudioVersion = 16.0.30114.105
MinimumVisualStudioVersion = 10.0.40219.1
Project("{FAE04EC0-301F-11D3-BF4B-00C04F79EFBC}") = "Odev1", "Odev1\Odev1.csproj", "{B298201C-8F00-4DA9-916D-B71963CBA659}"
EndProject
Global
	GlobalSection(SolutionConfigurationPlatforms) = preSolution
		Debug|Any CPU = Debug|Any CPU
		Release|Any CPU = Release|Any CPU
	EndGlobalSection
	GlobalSection(ProjectConfigurationPlatforms) = postSolution
		{B298201C-8F00-4DA9-916D-B71963CBA659}.Debug|Any CPU.ActiveCfg = Debug|Any CPU
		{B298201C-8F00-4DA9-916D-B71963CBA659}.Debug|Any CPU.Build.0 = Debug|Any CPU
		{B298201C-8F00-4DA9-916D-B71963CBA659}.Release|Any CPU.ActiveCfg = Release|Any CPU
		{B298201C-8F00-4DA9-916D-B71963CBA659}.Release|Any CPU.Build.0 = Release|Any CPU
	EndGlobalSection
	GlobalSection(SolutionProperties) = preSolution
		HideSolutionNode = FALSE
	EndGlobalSection
	GlobalSection(ExtensibilityGlobals) = postSolution
		SolutionGuid = {D112DE18-C4BD-4C73-A30E-921A6FAA80BA}
	EndGlobalSection
EndGlobal
